
Microsoft Visual Studio Solution File, Format Version 12.00
# Visual Studio 15
VisualStudioVersion = 15.0.27703.1
MinimumVisualStudioVersion = 10.0.40219.1
Project("{FAE04EC0-301F-11D3-BF4B-00C04F79EFBC}") = "LifeOfBionic", "WindowsFormsApp9\LifeOfBionic.csproj", "{8BC46D4D-288F-4606-81FA-BFF4AFE00800}"
EndProject
Global
	GlobalSection(SolutionConfigurationPlatforms) = preSolution
		Debug|Any CPU = Debug|Any CPU
		Release|Any CPU = Release|Any CPU
	EndGlobalSection
	GlobalSection(ProjectConfigurationPlatforms) = postSolution
		{8BC46D4D-288F-4606-81FA-BFF4AFE00800}.Debug|Any CPU.ActiveCfg = Debug|Any CPU
		{8BC46D4D-288F-4606-81FA-BFF4AFE00800}.Debug|Any CPU.Build.0 = Debug|Any CPU
		{8BC46D4D-288F-4606-81FA-BFF4AFE00800}.Release|Any CPU.ActiveCfg = Release|Any CPU
		{8BC46D4D-288F-4606-81FA-BFF4AFE00800}.Release|Any CPU.Build.0 = Release|Any CPU
	EndGlobalSection
	GlobalSection(SolutionProperties) = preSolution
		HideSolutionNode = FALSE
	EndGlobalSection
	GlobalSection(ExtensibilityGlobals) = postSolution
		SolutionGuid = {34A6F3CD-EB7A-46A0-874F-107216E108ED}
	EndGlobalSection
EndGlobal
